<?xml version="1.0" encoding="utf-8"?>
<Project ToolsVersion="4.0" xmlns="http://schemas.microsoft.com/developer/msbuild/2003">
  <ItemGroup>
    <Filter Include="Source Files">
      <UniqueIdentifier>{b51156d5-66fd-46e1-9da6-fd6babb90fb7}</UniqueIdentifier>
      <Extensions>cpp;c;cxx;rc;def;r;odl;idl;hpj;bat</Extensions>
    </Filter>
    <Filter Include="Header Files">
      <UniqueIdentifier>{e195d0bd-0c54-4487-a2f9-514b16a8f91d}</UniqueIdentifier>
      <Extensions>h;hpp;hxx;hm;inl</Extensions>
    </Filter>
    <Filter Include="DibObject">
      <UniqueIdentifier>{a891d3c8-7288-4af7-a6ce-73d6a5825641}</UniqueIdentifier>
    </Filter>
    <Filter Include="Common">
      <UniqueIdentifier>{8940569c-ba6c-4842-a892-c55a7f0cda41}</UniqueIdentifier>
    </Filter>
    <Filter Include="Resource Files">
      <UniqueIdentifier>{8a6d2764-187a-4351-bd50-3bb67d8b8261}</UniqueIdentifier>
      <Extensions>ico;cur;bmp;dlg;rc2;rct;bin;rgs;gif;jpg;jpeg;jpe</Extensions>
    </Filter>
    <Filter Include="ImagePro">
      <UniqueIdentifier>{de6af74e-3827-408d-a453-45f7112108d4}</UniqueIdentifier>
    </Filter>
  </ItemGroup>
  <ItemGroup>
    <ClCompile Include="MainFrm.cpp">
      <Filter>Source Files</Filter>
    </ClCompile>
    <ClCompile Include="StdAfx.cpp">
      <Filter>Source Files</Filter>
    </ClCompile>
    <ClCompile Include="DibObject.cpp">
      <Filter>DibObject</Filter>
    </ClCompile>
    <ClCompile Include="ImagePro.cpp">
      <Filter>ImagePro</Filter>
    </ClCompile>
    <ClCompile Include="ImageProDoc.cpp">
      <Filter>ImagePro</Filter>
    </ClCompile>
    <ClCompile Include="ImageProView.cpp">
      <Filter>ImagePro</Filter>
    </ClCompile>
    <ClCompile Include="ChildFrm.cpp">
      <Filter>Source Files</Filter>
    </ClCompile>
  </ItemGroup>
  <ItemGroup>
    <ResourceCompile Include="ImagePro.rc">
      <Filter>Source Files</Filter>
    </ResourceCompile>
  </ItemGroup>
  <ItemGroup>
    <ClInclude Include="MainFrm.h">
      <Filter>Header Files</Filter>
    </ClInclude>
    <ClInclude Include="Resource.h">
      <Filter>Header Files</Filter>
    </ClInclude>
    <ClInclude Include="StdAfx.h">
      <Filter>Header Files</Filter>
    </ClInclude>
    <ClInclude Include="DibObject.h">
      <Filter>DibObject</Filter>
    </ClInclude>
    <ClInclude Include="Imageload.h">
      <Filter>Common</Filter>
    </ClInclude>
    <ClInclude Include="ImagePro.h">
      <Filter>ImagePro</Filter>
    </ClInclude>
    <ClInclude Include="ImageProDoc.h">
      <Filter>ImagePro</Filter>
    </ClInclude>
    <ClInclude Include="ImageProView.h">
      <Filter>ImagePro</Filter>
    </ClInclude>
    <ClInclude Include="ChildFrm.h">
      <Filter>Header Files</Filter>
    </ClInclude>
    <ClInclude Include="ImageErrors.h">
      <Filter>Common</Filter>
    </ClInclude>
  </ItemGroup>
  <ItemGroup>
    <Image Include="res\ImagePro.ico">
      <Filter>Resource Files</Filter>
    </Image>
    <Image Include="res\ImageProDoc.ico">
      <Filter>Resource Files</Filter>
    </Image>
    <Image Include="res\Toolbar.bmp">
      <Filter>Resource Files</Filter>
    </Image>
  </ItemGroup>
  <ItemGroup>
    <Text Include="ReadMe.txt" />
  </ItemGroup>
  <ItemGroup>
    <CustomBuild Include="res\ImagePro.rc2">
      <Filter>Resource Files</Filter>
    </CustomBuild>
  </ItemGroup>
</Project>